
Microsoft Visual Studio Solution File, Format Version 12.00
# Visual Studio Version 17
VisualStudioVersion = 17.10.35027.167
MinimumVisualStudioVersion = 10.0.40219.1
Project("{FAE04EC0-301F-11D3-BF4B-00C04F79EFBC}") = "Server", "Server.csproj", "{807B94EB-2E56-4D3F-81C7-90A48E7409F4}"
EndProject
Project("{FAE04EC0-301F-11D3-BF4B-00C04F79EFBC}") = "Client", "..\Client\Client.csproj", "{ECB79B86-C5EB-44D6-8088-04DD97FBD9BE}"
EndProject
Global
	GlobalSection(SolutionConfigurationPlatforms) = preSolution
		Debug|Any CPU = Debug|Any CPU
		Release|Any CPU = Release|Any CPU
	EndGlobalSection
	GlobalSection(ProjectConfigurationPlatforms) = postSolution
		{807B94EB-2E56-4D3F-81C7-90A48E7409F4}.Debug|Any CPU.ActiveCfg = Debug|Any CPU
		{807B94EB-2E56-4D3F-81C7-90A48E7409F4}.Debug|Any CPU.Build.0 = Debug|Any CPU
		{807B94EB-2E56-4D3F-81C7-90A48E7409F4}.Release|Any CPU.ActiveCfg = Release|Any CPU
		{807B94EB-2E56-4D3F-81C7-90A48E7409F4}.Release|Any CPU.Build.0 = Release|Any CPU
		{ECB79B86-C5EB-44D6-8088-04DD97FBD9BE}.Debug|Any CPU.ActiveCfg = Debug|Any CPU
		{ECB79B86-C5EB-44D6-8088-04DD97FBD9BE}.Debug|Any CPU.Build.0 = Debug|Any CPU
		{ECB79B86-C5EB-44D6-8088-04DD97FBD9BE}.Release|Any CPU.ActiveCfg = Release|Any CPU
		{ECB79B86-C5EB-44D6-8088-04DD97FBD9BE}.Release|Any CPU.Build.0 = Release|Any CPU
	EndGlobalSection
	GlobalSection(SolutionProperties) = preSolution
		HideSolutionNode = FALSE
	EndGlobalSection
	GlobalSection(ExtensibilityGlobals) = postSolution
		SolutionGuid = {F7F45D3B-9011-432C-A36A-C5CF8C4A604B}
	EndGlobalSection
EndGlobal
