
Microsoft Visual Studio Solution File, Format Version 12.00
# Visual Studio Version 17
VisualStudioVersion = 17.10.35027.167
MinimumVisualStudioVersion = 10.0.40219.1
Project("{9A19103F-16F7-4668-BE54-9A1E7A4F7556}") = "WebGateway", "WebGateway.csproj", "{6649FD1D-5AB4-47BA-9B31-EE0C870DB36D}"
EndProject
Global
	GlobalSection(SolutionConfigurationPlatforms) = preSolution
		Debug|Any CPU = Debug|Any CPU
		Release|Any CPU = Release|Any CPU
	EndGlobalSection
	GlobalSection(ProjectConfigurationPlatforms) = postSolution
		{6649FD1D-5AB4-47BA-9B31-EE0C870DB36D}.Debug|Any CPU.ActiveCfg = Debug|Any CPU
		{6649FD1D-5AB4-47BA-9B31-EE0C870DB36D}.Debug|Any CPU.Build.0 = Debug|Any CPU
		{6649FD1D-5AB4-47BA-9B31-EE0C870DB36D}.Release|Any CPU.ActiveCfg = Release|Any CPU
		{6649FD1D-5AB4-47BA-9B31-EE0C870DB36D}.Release|Any CPU.Build.0 = Release|Any CPU
	EndGlobalSection
	GlobalSection(SolutionProperties) = preSolution
		HideSolutionNode = FALSE
	EndGlobalSection
	GlobalSection(ExtensibilityGlobals) = postSolution
		SolutionGuid = {D70CAEBA-8291-45FA-A185-8D46EA8F718D}
	EndGlobalSection
EndGlobal
