
Microsoft Visual Studio Solution File, Format Version 12.00
# Visual Studio Version 17
VisualStudioVersion = 17.10.35027.167
MinimumVisualStudioVersion = 10.0.40219.1
Project("{FAE04EC0-301F-11D3-BF4B-00C04F79EFBC}") = "JWTAppTaskOne", "JWTAppTaskOne\JWTAppTaskOne.csproj", "{DDE24BD7-978F-493D-ADCE-D951D9253E2B}"
EndProject
Global
	GlobalSection(SolutionConfigurationPlatforms) = preSolution
		Debug|Any CPU = Debug|Any CPU
		Release|Any CPU = Release|Any CPU
	EndGlobalSection
	GlobalSection(ProjectConfigurationPlatforms) = postSolution
		{DDE24BD7-978F-493D-ADCE-D951D9253E2B}.Debug|Any CPU.ActiveCfg = Debug|Any CPU
		{DDE24BD7-978F-493D-ADCE-D951D9253E2B}.Debug|Any CPU.Build.0 = Debug|Any CPU
		{DDE24BD7-978F-493D-ADCE-D951D9253E2B}.Release|Any CPU.ActiveCfg = Release|Any CPU
		{DDE24BD7-978F-493D-ADCE-D951D9253E2B}.Release|Any CPU.Build.0 = Release|Any CPU
	EndGlobalSection
	GlobalSection(SolutionProperties) = preSolution
		HideSolutionNode = FALSE
	EndGlobalSection
	GlobalSection(ExtensibilityGlobals) = postSolution
		SolutionGuid = {EA928D1D-A960-4842-BA18-2E65CD11EAA8}
	EndGlobalSection
EndGlobal
