
Microsoft Visual Studio Solution File, Format Version 12.00
# Visual Studio Version 17
VisualStudioVersion = 17.10.35027.167
MinimumVisualStudioVersion = 10.0.40219.1
Project("{FAE04EC0-301F-11D3-BF4B-00C04F79EFBC}") = "Seminar 4 Collection II", "Seminar 4 Collection II.csproj", "{CC306C3C-3C4A-45D5-A273-3B290E1760FA}"
EndProject
Global
	GlobalSection(SolutionConfigurationPlatforms) = preSolution
		Debug|Any CPU = Debug|Any CPU
		Release|Any CPU = Release|Any CPU
	EndGlobalSection
	GlobalSection(ProjectConfigurationPlatforms) = postSolution
		{CC306C3C-3C4A-45D5-A273-3B290E1760FA}.Debug|Any CPU.ActiveCfg = Debug|Any CPU
		{CC306C3C-3C4A-45D5-A273-3B290E1760FA}.Debug|Any CPU.Build.0 = Debug|Any CPU
		{CC306C3C-3C4A-45D5-A273-3B290E1760FA}.Release|Any CPU.ActiveCfg = Release|Any CPU
		{CC306C3C-3C4A-45D5-A273-3B290E1760FA}.Release|Any CPU.Build.0 = Release|Any CPU
	EndGlobalSection
	GlobalSection(SolutionProperties) = preSolution
		HideSolutionNode = FALSE
	EndGlobalSection
	GlobalSection(ExtensibilityGlobals) = postSolution
		SolutionGuid = {821A8F86-B77F-4241-B55A-5E849CDBD998}
	EndGlobalSection
EndGlobal
