
Microsoft Visual Studio Solution File, Format Version 12.00
# Visual Studio Version 17
VisualStudioVersion = 17.10.34928.147
MinimumVisualStudioVersion = 10.0.40219.1
Project("{FAE04EC0-301F-11D3-BF4B-00C04F79EFBC}") = "Family Tree", "Family Tree.csproj", "{9311C34E-6A7E-41A7-85FF-CF7EE21680E2}"
EndProject
Global
	GlobalSection(SolutionConfigurationPlatforms) = preSolution
		Debug|Any CPU = Debug|Any CPU
		Release|Any CPU = Release|Any CPU
	EndGlobalSection
	GlobalSection(ProjectConfigurationPlatforms) = postSolution
		{9311C34E-6A7E-41A7-85FF-CF7EE21680E2}.Debug|Any CPU.ActiveCfg = Debug|Any CPU
		{9311C34E-6A7E-41A7-85FF-CF7EE21680E2}.Debug|Any CPU.Build.0 = Debug|Any CPU
		{9311C34E-6A7E-41A7-85FF-CF7EE21680E2}.Release|Any CPU.ActiveCfg = Release|Any CPU
		{9311C34E-6A7E-41A7-85FF-CF7EE21680E2}.Release|Any CPU.Build.0 = Release|Any CPU
	EndGlobalSection
	GlobalSection(SolutionProperties) = preSolution
		HideSolutionNode = FALSE
	EndGlobalSection
	GlobalSection(ExtensibilityGlobals) = postSolution
		SolutionGuid = {C1ED6F87-4424-4D93-9FF1-6E3012336B73}
	EndGlobalSection
EndGlobal
