
Microsoft Visual Studio Solution File, Format Version 12.00
# Visual Studio Version 17
VisualStudioVersion = 17.10.35027.167
MinimumVisualStudioVersion = 10.0.40219.1
Project("{9A19103F-16F7-4668-BE54-9A1E7A4F7556}") = "TaskOne", "TaskOne\TaskOne.csproj", "{5BD92345-0270-4C6F-AF33-64DBC3977124}"
EndProject
Project("{9A19103F-16F7-4668-BE54-9A1E7A4F7556}") = "TaskTwo", "TaskTwo\TaskTwo.csproj", "{995B9BA9-116C-483A-B8CC-BE40DD76F6F2}"
EndProject
Project("{9A19103F-16F7-4668-BE54-9A1E7A4F7556}") = "TaskThree", "TaskThree\TaskThree.csproj", "{C6AEB742-447A-4AFB-B72F-B5BED650B48F}"
EndProject
Project("{FAE04EC0-301F-11D3-BF4B-00C04F79EFBC}") = "HomeWork", "HomeWork\HomeWork.csproj", "{462A8D77-F1EC-47E6-93B9-78C3B012F11E}"
EndProject
Global
	GlobalSection(SolutionConfigurationPlatforms) = preSolution
		Debug|Any CPU = Debug|Any CPU
		Release|Any CPU = Release|Any CPU
	EndGlobalSection
	GlobalSection(ProjectConfigurationPlatforms) = postSolution
		{5BD92345-0270-4C6F-AF33-64DBC3977124}.Debug|Any CPU.ActiveCfg = Debug|Any CPU
		{5BD92345-0270-4C6F-AF33-64DBC3977124}.Debug|Any CPU.Build.0 = Debug|Any CPU
		{5BD92345-0270-4C6F-AF33-64DBC3977124}.Release|Any CPU.ActiveCfg = Release|Any CPU
		{5BD92345-0270-4C6F-AF33-64DBC3977124}.Release|Any CPU.Build.0 = Release|Any CPU
		{995B9BA9-116C-483A-B8CC-BE40DD76F6F2}.Debug|Any CPU.ActiveCfg = Debug|Any CPU
		{995B9BA9-116C-483A-B8CC-BE40DD76F6F2}.Debug|Any CPU.Build.0 = Debug|Any CPU
		{995B9BA9-116C-483A-B8CC-BE40DD76F6F2}.Release|Any CPU.ActiveCfg = Release|Any CPU
		{995B9BA9-116C-483A-B8CC-BE40DD76F6F2}.Release|Any CPU.Build.0 = Release|Any CPU
		{C6AEB742-447A-4AFB-B72F-B5BED650B48F}.Debug|Any CPU.ActiveCfg = Debug|Any CPU
		{C6AEB742-447A-4AFB-B72F-B5BED650B48F}.Debug|Any CPU.Build.0 = Debug|Any CPU
		{C6AEB742-447A-4AFB-B72F-B5BED650B48F}.Release|Any CPU.ActiveCfg = Release|Any CPU
		{C6AEB742-447A-4AFB-B72F-B5BED650B48F}.Release|Any CPU.Build.0 = Release|Any CPU
		{462A8D77-F1EC-47E6-93B9-78C3B012F11E}.Debug|Any CPU.ActiveCfg = Debug|Any CPU
		{462A8D77-F1EC-47E6-93B9-78C3B012F11E}.Debug|Any CPU.Build.0 = Debug|Any CPU
		{462A8D77-F1EC-47E6-93B9-78C3B012F11E}.Release|Any CPU.ActiveCfg = Release|Any CPU
		{462A8D77-F1EC-47E6-93B9-78C3B012F11E}.Release|Any CPU.Build.0 = Release|Any CPU
	EndGlobalSection
	GlobalSection(SolutionProperties) = preSolution
		HideSolutionNode = FALSE
	EndGlobalSection
	GlobalSection(ExtensibilityGlobals) = postSolution
		SolutionGuid = {1A084B95-0134-4CA5-862A-8AC087EDFBA1}
	EndGlobalSection
EndGlobal
