
Microsoft Visual Studio Solution File, Format Version 12.00
# Visual Studio Version 17
VisualStudioVersion = 17.10.35027.167
MinimumVisualStudioVersion = 10.0.40219.1
Project("{FAE04EC0-301F-11D3-BF4B-00C04F79EFBC}") = "Seminar 3 Collection", "Seminar 3 Collection.csproj", "{DB439C6D-C6B1-447F-87AD-605A74279659}"
EndProject
Global
	GlobalSection(SolutionConfigurationPlatforms) = preSolution
		Debug|Any CPU = Debug|Any CPU
		Release|Any CPU = Release|Any CPU
	EndGlobalSection
	GlobalSection(ProjectConfigurationPlatforms) = postSolution
		{DB439C6D-C6B1-447F-87AD-605A74279659}.Debug|Any CPU.ActiveCfg = Debug|Any CPU
		{DB439C6D-C6B1-447F-87AD-605A74279659}.Debug|Any CPU.Build.0 = Debug|Any CPU
		{DB439C6D-C6B1-447F-87AD-605A74279659}.Release|Any CPU.ActiveCfg = Release|Any CPU
		{DB439C6D-C6B1-447F-87AD-605A74279659}.Release|Any CPU.Build.0 = Release|Any CPU
	EndGlobalSection
	GlobalSection(SolutionProperties) = preSolution
		HideSolutionNode = FALSE
	EndGlobalSection
	GlobalSection(ExtensibilityGlobals) = postSolution
		SolutionGuid = {E70F70D5-9736-42AD-8B1E-221D700702C0}
	EndGlobalSection
EndGlobal
